// !$*UTF8*$!
{
	archiveVersion = 1;
	classes = {
	};
	objectVersion = 56;
	objects = {

/* Begin PBXAggregateTarget section */
		A70000010000000000000016 /* tops-parity */ = {
			isa = PBXAggregateTarget;
			buildConfigurationList = A80000010000000000000022 /* Build configuration list for PBXAggregateTarget "tops-parity" */;
			buildPhases = (
				A50000010000000000000016 /* tops parity */,
			);
			dependencies = (
				A7B000010000000000000002 /* PBXTargetDependency */,
			);
			name = "tops-parity";
			productName = "tops-parity";
		};
		A70000010000000000000021 /* tiffutil-parity */ = {
			isa = PBXAggregateTarget;
			buildConfigurationList = A80000010000000000000035 /* Build configuration list for PBXAggregateTarget "tiffutil-parity" */;
			buildPhases = (
				A50000010000000000000022 /* tiffutil parity */,
			);
			dependencies = (
				A7B000010000000000000004 /* PBXTargetDependency */,
			);
			name = "tiffutil-parity";
			productName = "tiffutil-parity";
		};
/* End PBXAggregateTarget section */

/* Begin PBXBuildFile section */
		A10000010000000000000001 /* pbcopy.m in Sources */ = {isa = PBXBuildFile; fileRef = A30000010000000000000001 /* pbcopy.m */; };
		A10000010000000000000002 /* pbcopy.m in Sources */ = {isa = PBXBuildFile; fileRef = A30000010000000000000001 /* pbcopy.m */; };
		A10000010000000000000003 /* Cocoa.framework in Frameworks */ = {isa = PBXBuildFile; fileRef = A40000010000000000000002 /* Cocoa.framework */; };
		A10000010000000000000004 /* Foundation.framework in Frameworks */ = {isa = PBXBuildFile; fileRef = A40000010000000000000003 /* Foundation.framework */; };
		A10000010000000000000005 /* AppKit.framework in Frameworks */ = {isa = PBXBuildFile; fileRef = A40000010000000000000004 /* AppKit.framework */; };
		A10000010000000000000006 /* CoreFoundation.framework in Frameworks */ = {isa = PBXBuildFile; fileRef = A40000010000000000000005 /* CoreFoundation.framework */; };
		A10000010000000000000007 /* open.m in Sources */ = {isa = PBXBuildFile; fileRef = A30000010000000000000002 /* open.m */; };
		A10000010000000000000008 /* ApplicationServices.framework in Frameworks */ = {isa = PBXBuildFile; fileRef = A40000010000000000000006 /* ApplicationServices.framework */; };
		A10000010000000000000009 /* CoreServices.framework in Frameworks */ = {isa = PBXBuildFile; fileRef = A40000010000000000000007 /* CoreServices.framework */; };
		A10000010000000000000010 /* tiff2icns.m in Sources */ = {isa = PBXBuildFile; fileRef = A30000010000000000000010 /* tiff2icns.m */; };
		A10000010000000000000011 /* ImageIO.framework in Frameworks */ = {isa = PBXBuildFile; fileRef = A40000010000000000000008 /* ImageIO.framework */; };
		A10000010000000000000015 /* tops.m in Sources */ = {isa = PBXBuildFile; fileRef = A30000010000000000000015 /* tops.m */; };
		A10000010000000000000020 /* main.c in Sources */ = {isa = PBXBuildFile; fileRef = A30000010000000000000020 /* main.c */; };
		A10000010000000000000021 /* buf.c in Sources */ = {isa = PBXBuildFile; fileRef = A30000010000000000000022 /* buf.c */; };
		A10000010000000000000022 /* cat.c in Sources */ = {isa = PBXBuildFile; fileRef = A30000010000000000000024 /* cat.c */; };
		A10000010000000000000023 /* compress.c in Sources */ = {isa = PBXBuildFile; fileRef = A30000010000000000000025 /* compress.c */; };
		A10000010000000000000024 /* g4.c in Sources */ = {isa = PBXBuildFile; fileRef = A30000010000000000000026 /* g4.c */; };
		A10000010000000000000025 /* tiff_decode.c in Sources */ = {isa = PBXBuildFile; fileRef = A30000010000000000000027 /* tiff_decode.c */; };
		A10000010000000000000026 /* tiff_read.c in Sources */ = {isa = PBXBuildFile; fileRef = A30000010000000000000028 /* tiff_read.c */; };
		A10000010000000000000027 /* tiff_text.c in Sources */ = {isa = PBXBuildFile; fileRef = A30000010000000000000029 /* tiff_text.c */; };
		A10000010000000000000028 /* tiff_write.c in Sources */ = {isa = PBXBuildFile; fileRef = A3000001000000000000002A /* tiff_write.c */; };
/* End PBXBuildFile section */

/* Begin PBXContainerItemProxy section */
		A7B000010000000000000001 /* PBXContainerItemProxy */ = {
			isa = PBXContainerItemProxy;
			containerPortal = A60000010000000000000001 /* Project object */;
			proxyType = 1;
			remoteGlobalIDString = A70000010000000000000015;
			remoteInfo = tops;
		};
		A7B000010000000000000003 /* PBXContainerItemProxy */ = {
			isa = PBXContainerItemProxy;
			containerPortal = A60000010000000000000001 /* Project object */;
			proxyType = 1;
			remoteGlobalIDString = A70000010000000000000020;
			remoteInfo = tiffutil;
		};
/* End PBXContainerItemProxy section */

/* Begin PBXFileReference section */
		A20000010000000000000001 /* pbcopy */ = {isa = PBXFileReference; explicitFileType = "compiled.mach-o.executable"; includeInIndex = 0; path = pbcopy; sourceTree = BUILT_PRODUCTS_DIR; };
		A20000010000000000000002 /* pbpaste */ = {isa = PBXFileReference; explicitFileType = "compiled.mach-o.executable"; includeInIndex = 0; path = pbpaste; sourceTree = BUILT_PRODUCTS_DIR; };
		A20000010000000000000003 /* open */ = {isa = PBXFileReference; explicitFileType = "compiled.mach-o.executable"; includeInIndex = 0; path = open; sourceTree = BUILT_PRODUCTS_DIR; };
		A20000010000000000000010 /* tiff2icns */ = {isa = PBXFileReference; explicitFileType = "compiled.mach-o.executable"; includeInIndex = 0; path = tiff2icns; sourceTree = BUILT_PRODUCTS_DIR; };
		A30000010000000000000001 /* pbcopy.m */ = {isa = PBXFileReference; lastKnownFileType = sourcecode.c.objc; path = pbcopy.m; sourceTree = "<group>"; };
		A30000010000000000000002 /* open.m */ = {isa = PBXFileReference; lastKnownFileType = sourcecode.c.objc; path = open.m; sourceTree = "<group>"; };
		A30000010000000000000010 /* tiff2icns.m */ = {isa = PBXFileReference; lastKnownFileType = sourcecode.c.objc; path = tiff2icns.m; sourceTree = "<group>"; };
		A20000010000000000000015 /* tops */ = {isa = PBXFileReference; explicitFileType = "compiled.mach-o.executable"; includeInIndex = 0; path = tops; sourceTree = BUILT_PRODUCTS_DIR; };
		A30000010000000000000015 /* tops.m */ = {isa = PBXFileReference; lastKnownFileType = sourcecode.c.objc; path = tops.m; sourceTree = "<group>"; };
		A40000010000000000000002 /* Cocoa.framework */ = {isa = PBXFileReference; lastKnownFileType = wrapper.framework; name = Cocoa.framework; path = System/Library/Frameworks/Cocoa.framework; sourceTree = SDKROOT; };
		A40000010000000000000003 /* Foundation.framework */ = {isa = PBXFileReference; lastKnownFileType = wrapper.framework; name = Foundation.framework; path = System/Library/Frameworks/Foundation.framework; sourceTree = SDKROOT; };
		A40000010000000000000004 /* AppKit.framework */ = {isa = PBXFileReference; lastKnownFileType = wrapper.framework; name = AppKit.framework; path = System/Library/Frameworks/AppKit.framework; sourceTree = SDKROOT; };
		A40000010000000000000005 /* CoreFoundation.framework */ = {isa = PBXFileReference; lastKnownFileType = wrapper.framework; name = CoreFoundation.framework; path = System/Library/Frameworks/CoreFoundation.framework; sourceTree = SDKROOT; };
		A40000010000000000000006 /* ApplicationServices.framework */ = {isa = PBXFileReference; lastKnownFileType = wrapper.framework; name = ApplicationServices.framework; path = System/Library/Frameworks/ApplicationServices.framework; sourceTree = SDKROOT; };
		A40000010000000000000007 /* CoreServices.framework */ = {isa = PBXFileReference; lastKnownFileType = wrapper.framework; name = CoreServices.framework; path = System/Library/Frameworks/CoreServices.framework; sourceTree = SDKROOT; };
		A40000010000000000000008 /* ImageIO.framework */ = {isa = PBXFileReference; lastKnownFileType = wrapper.framework; name = ImageIO.framework; path = System/Library/Frameworks/ImageIO.framework; sourceTree = SDKROOT; };
		A20000010000000000000020 /* tiffutil */ = {isa = PBXFileReference; explicitFileType = "compiled.mach-o.executable"; includeInIndex = 0; path = tiffutil; sourceTree = BUILT_PRODUCTS_DIR; };
		A30000010000000000000020 /* main.c */ = {isa = PBXFileReference; lastKnownFileType = sourcecode.c.c; path = main.c; sourceTree = "<group>"; };
		A30000010000000000000021 /* tiffutil.h */ = {isa = PBXFileReference; lastKnownFileType = sourcecode.c.h; path = tiffutil.h; sourceTree = "<group>"; };
		A30000010000000000000022 /* buf.c */ = {isa = PBXFileReference; lastKnownFileType = sourcecode.c.c; path = buf.c; sourceTree = "<group>"; };
		A30000010000000000000023 /* buf.h */ = {isa = PBXFileReference; lastKnownFileType = sourcecode.c.h; path = buf.h; sourceTree = "<group>"; };
		A30000010000000000000024 /* cat.c */ = {isa = PBXFileReference; lastKnownFileType = sourcecode.c.c; path = cat.c; sourceTree = "<group>"; };
		A30000010000000000000025 /* compress.c */ = {isa = PBXFileReference; lastKnownFileType = sourcecode.c.c; path = compress.c; sourceTree = "<group>"; };
		A30000010000000000000026 /* g4.c */ = {isa = PBXFileReference; lastKnownFileType = sourcecode.c.c; path = g4.c; sourceTree = "<group>"; };
		A30000010000000000000027 /* tiff_decode.c */ = {isa = PBXFileReference; lastKnownFileType = sourcecode.c.c; path = tiff_decode.c; sourceTree = "<group>"; };
		A30000010000000000000028 /* tiff_read.c */ = {isa = PBXFileReference; lastKnownFileType = sourcecode.c.c; path = tiff_read.c; sourceTree = "<group>"; };
		A30000010000000000000029 /* tiff_text.c */ = {isa = PBXFileReference; lastKnownFileType = sourcecode.c.c; path = tiff_text.c; sourceTree = "<group>"; };
		A3000001000000000000002A /* tiff_write.c */ = {isa = PBXFileReference; lastKnownFileType = sourcecode.c.c; path = tiff_write.c; sourceTree = "<group>"; };
		A3000001000000000000002B /* icc_profiles.h */ = {isa = PBXFileReference; lastKnownFileType = sourcecode.c.h; path = icc_profiles.h; sourceTree = "<group>"; };
/* End PBXFileReference section */

		A2B00001000000000000001 /* textutil */ = {isa = PBXFileReference; explicitFileType = "compiled.mach-o.executable"; includeInIndex = 0; path = textutil; sourceTree = BUILT_PRODUCTS_DIR; };
		A3B00001000000000000009 /* textutil.h */ = {isa = PBXFileReference; lastKnownFileType = sourcecode.c.h; path = textutil.h; sourceTree = "<group>"; };
		A3B0000100000000000000A /* font.c */ = {isa = PBXFileReference; lastKnownFileType = sourcecode.c.c; path = font.c; sourceTree = "<group>"; };
A3B00001000000000000000 /* format.c */ = {isa = PBXFileReference; lastKnownFileType = sourcecode.c.c; path = format.c; sourceTree = "<group>"; };
		A3B00001000000000000001 /* html.c */ = {isa = PBXFileReference; lastKnownFileType = sourcecode.c.c; path = html.c; sourceTree = "<group>"; };
		A3B00001000000000000002 /* info.c */ = {isa = PBXFileReference; lastKnownFileType = sourcecode.c.c; path = info.c; sourceTree = "<group>"; };
		A3B00001000000000000003 /* io.c */ = {isa = PBXFileReference; lastKnownFileType = sourcecode.c.c; path = io.c; sourceTree = "<group>"; };
		A3B00001000000000000004 /* main.c */ = {isa = PBXFileReference; lastKnownFileType = sourcecode.c.c; path = main.c; sourceTree = "<group>"; };
		A3B00001000000000000005 /* rtf.c */ = {isa = PBXFileReference; lastKnownFileType = sourcecode.c.c; path = rtf.c; sourceTree = "<group>"; };
		A3B00001000000000000006 /* rtfd.c */ = {isa = PBXFileReference; lastKnownFileType = sourcecode.c.c; path = rtfd.c; sourceTree = "<group>"; };
		A3B00001000000000000007 /* txt.c */ = {isa = PBXFileReference; lastKnownFileType = sourcecode.c.c; path = txt.c; sourceTree = "<group>"; };
		A3B00001000000000000008 /* usage.c */ = {isa = PBXFileReference; lastKnownFileType = sourcecode.c.c; path = usage.c; sourceTree = "<group>"; };
/* Begin PBXFrameworksBuildPhase section */
		A50000010000000000000001 /* Frameworks */ = {
			isa = PBXFrameworksBuildPhase;
			buildActionMask = 2147483647;
			files = (
				A10000010000000000000003 /* Cocoa.framework in Frameworks */,
				A10000010000000000000004 /* Foundation.framework in Frameworks */,
				A10000010000000000000005 /* AppKit.framework in Frameworks */,
				A10000010000000000000006 /* CoreFoundation.framework in Frameworks */,
			);
			runOnlyForDeploymentPostprocessing = 0;
		};
		A50000010000000000000002 /* Frameworks */ = {
			isa = PBXFrameworksBuildPhase;
			buildActionMask = 2147483647;
			files = (
				A10000010000000000000003 /* Cocoa.framework in Frameworks */,
				A10000010000000000000004 /* Foundation.framework in Frameworks */,
				A10000010000000000000005 /* AppKit.framework in Frameworks */,
				A10000010000000000000006 /* CoreFoundation.framework in Frameworks */,
			);
			runOnlyForDeploymentPostprocessing = 0;
		};
		A50000010000000000000006 /* Frameworks */ = {
			isa = PBXFrameworksBuildPhase;
			buildActionMask = 2147483647;
			files = (
				A10000010000000000000003 /* Cocoa.framework in Frameworks */,
				A10000010000000000000004 /* Foundation.framework in Frameworks */,
				A10000010000000000000005 /* AppKit.framework in Frameworks */,
				A10000010000000000000006 /* CoreFoundation.framework in Frameworks */,
				A10000010000000000000008 /* ApplicationServices.framework in Frameworks */,
				A10000010000000000000009 /* CoreServices.framework in Frameworks */,
			);
			runOnlyForDeploymentPostprocessing = 0;
		};
		A50000010000000000000011 /* Frameworks */ = {
			isa = PBXFrameworksBuildPhase;
			buildActionMask = 2147483647;
			files = (
				A10000010000000000000003 /* Cocoa.framework in Frameworks */,
				A10000010000000000000004 /* Foundation.framework in Frameworks */,
				A10000010000000000000005 /* AppKit.framework in Frameworks */,
				A10000010000000000000006 /* CoreFoundation.framework in Frameworks */,
				A10000010000000000000009 /* CoreServices.framework in Frameworks */,
				A10000010000000000000011 /* ImageIO.framework in Frameworks */,
			);
			runOnlyForDeploymentPostprocessing = 0;
		};
		A50000010000000000000014 /* Frameworks */ = {
			isa = PBXFrameworksBuildPhase;
			buildActionMask = 2147483647;
			files = (
				A10000010000000000000004 /* Foundation.framework in Frameworks */,
			);
			runOnlyForDeploymentPostprocessing = 0;
		};
		A50000010000000000000021 /* Frameworks */ = {
			isa = PBXFrameworksBuildPhase;
			buildActionMask = 2147483647;
			files = (
			);
			runOnlyForDeploymentPostprocessing = 0;
		};
/* End PBXFrameworksBuildPhase section */

/* Begin PBXGroup section */
		A60000050000000000000001 = {
			isa = PBXGroup;
			children = (
				A60000020000000000000003 /* src */,
				A60000030000000000000004 /* Frameworks */,
				A90000040000000000000002 /* Products */,
			);
			sourceTree = "<group>";
		};
		A60000020000000000000003 /* src */ = {
			isa = PBXGroup;
			children = (
				A60000050000000000000002 /* pbcopy */,
				A60000050000000000000003 /* open */,
				A60000050000000000000010 /* tiff2icns */,
				A60000050000000000000011 /* tops */,
				A60000050000000000000020 /* tiffutil */,
				A6B00001000000000000001 /* textutil */,
			);
			path = src;
			sourceTree = "<group>";
		};
		A60000050000000000000002 /* pbcopy */ = {
			isa = PBXGroup;
			children = (
				A30000010000000000000001 /* pbcopy.m */,
			);
			path = pbcopy;
			sourceTree = "<group>";
		};
		A60000050000000000000003 /* open */ = {
			isa = PBXGroup;
			children = (
				A30000010000000000000002 /* open.m */,
			);
			path = open;
			sourceTree = "<group>";
		};
		A60000050000000000000010 /* tiff2icns */ = {
			isa = PBXGroup;
			children = (
				A30000010000000000000010 /* tiff2icns.m */,
			);
			path = tiff2icns;
			sourceTree = "<group>";
		};
		A60000050000000000000011 /* tops */ = {
			isa = PBXGroup;
			children = (
				A30000010000000000000015 /* tops.m */,
			);
			path = tops;
			sourceTree = "<group>";
		};
		A60000030000000000000004 /* Frameworks */ = {
			isa = PBXGroup;
			children = (
				A40000010000000000000002 /* Cocoa.framework */,
				A40000010000000000000003 /* Foundation.framework */,
				A40000010000000000000004 /* AppKit.framework */,
				A40000010000000000000005 /* CoreFoundation.framework */,
				A40000010000000000000006 /* ApplicationServices.framework */,
				A40000010000000000000007 /* CoreServices.framework */,
				A40000010000000000000008 /* ImageIO.framework */,
			);
			name = Frameworks;
			sourceTree = "<group>";
		};
		A90000040000000000000002 /* Products */ = {
			isa = PBXGroup;
			children = (
				A20000010000000000000001 /* pbcopy */,
				A20000010000000000000002 /* pbpaste */,
				A20000010000000000000003 /* open */,
				A20000010000000000000010 /* tiff2icns */,
				A20000010000000000000015 /* tops */,
				A20000010000000000000020 /* tiffutil */,
			);
			name = Products;
			sourceTree = "<group>";
		};
		A60000050000000000000020 /* tiffutil */ = {
			isa = PBXGroup;
			children = (
				A30000010000000000000020 /* main.c */,
				A30000010000000000000021 /* tiffutil.h */,
				A30000010000000000000022 /* buf.c */,
				A30000010000000000000023 /* buf.h */,
				A30000010000000000000024 /* cat.c */,
				A30000010000000000000025 /* compress.c */,
				A30000010000000000000026 /* g4.c */,
				A30000010000000000000027 /* tiff_decode.c */,
				A30000010000000000000028 /* tiff_read.c */,
				A30000010000000000000029 /* tiff_text.c */,
				A3000001000000000000002A /* tiff_write.c */,
				A3000001000000000000002B /* icc_profiles.h */,
			);
			path = tiffutil;
			sourceTree = "<group>";
		};
		A6B00001000000000000001 /* textutil */ = {
			isa = PBXGroup;
			children = (
				A3B00001000000000000000 /* format.c */,
		A3B0000100000000000000A /* font.c */,
				A3B00001000000000000001 /* html.c */,
				A3B00001000000000000002 /* info.c */,
				A3B00001000000000000003 /* io.c */,
				A3B00001000000000000004 /* main.c */,
				A3B00001000000000000005 /* rtf.c */,
				A3B00001000000000000006 /* rtfd.c */,
				A3B00001000000000000007 /* txt.c */,
				A3B00001000000000000008 /* usage.c */,
				A3B00001000000000000009 /* textutil.h */,
			);
			path = textutil;
			sourceTree = "<group>";
		};
/* End PBXGroup section */

/* Begin PBXNativeTarget section */
		A70000010000000000000001 /* pbcopy */ = {
			isa = PBXNativeTarget;
			buildConfigurationList = A80000010000000000000001 /* Build configuration list for PBXNativeTarget "pbcopy" */;
			buildPhases = (
				A50000010000000000000003 /* Sources */,
				A50000010000000000000001 /* Frameworks */,
			);
			buildRules = (
			);
			dependencies = (
			);
			name = pbcopy;
			productName = pbcopy;
			productReference = A20000010000000000000001 /* pbcopy */;
			productType = "com.apple.product-type.tool";
		};
		A70000010000000000000002 /* pbpaste */ = {
			isa = PBXNativeTarget;
			buildConfigurationList = A80000010000000000000002 /* Build configuration list for PBXNativeTarget "pbpaste" */;
			buildPhases = (
				A50000010000000000000004 /* Sources */,
				A50000010000000000000002 /* Frameworks */,
			);
			buildRules = (
			);
			dependencies = (
			);
			name = pbpaste;
			productName = pbpaste;
			productReference = A20000010000000000000002 /* pbpaste */;
			productType = "com.apple.product-type.tool";
		};
		A70000010000000000000003 /* open */ = {
			isa = PBXNativeTarget;
			buildConfigurationList = A8000001000000000000000A /* Build configuration list for PBXNativeTarget "open" */;
			buildPhases = (
				A50000010000000000000005 /* Sources */,
				A50000010000000000000006 /* Frameworks */,
			);
			buildRules = (
			);
			dependencies = (
			);
			name = open;
			productName = open;
			productReference = A20000010000000000000003 /* open */;
			productType = "com.apple.product-type.tool";
		};
		A70000010000000000000010 /* tiff2icns */ = {
			isa = PBXNativeTarget;
			buildConfigurationList = A8000001000000000000000F /* Build configuration list for PBXNativeTarget "tiff2icns" */;
			buildPhases = (
				A50000010000000000000010 /* Sources */,
				A50000010000000000000011 /* Frameworks */,
			);
			buildRules = (
			);
			dependencies = (
			);
			name = tiff2icns;
			productName = tiff2icns;
			productReference = A20000010000000000000010 /* tiff2icns */;
			productType = "com.apple.product-type.tool";
		};
		A70000010000000000000015 /* tops */ = {
			isa = PBXNativeTarget;
			buildConfigurationList = A80000010000000000000012 /* Build configuration list for PBXNativeTarget "tops" */;
			buildPhases = (
				A50000010000000000000015 /* Sources */,
				A50000010000000000000014 /* Frameworks */,
			);
			buildRules = (
			);
			dependencies = (
			);
			name = tops;
			productName = tops;
			productReference = A20000010000000000000015 /* tops */;
			productType = "com.apple.product-type.tool";
		};
		A70000010000000000000020 /* tiffutil */ = {
			isa = PBXNativeTarget;
			buildConfigurationList = A80000010000000000000032 /* Build configuration list for PBXNativeTarget "tiffutil" */;
			buildPhases = (
				A50000010000000000000020 /* Sources */,
				A50000010000000000000021 /* Frameworks */,
			);
			buildRules = (
			);
			dependencies = (
			);
			name = tiffutil;
			productName = tiffutil;
			productReference = A20000010000000000000020 /* tiffutil */;
			productType = "com.apple.product-type.tool";
		};
		A7B10001000000000000001 /* textutil */ = {
			isa = PBXNativeTarget;
			buildConfigurationList = A8B00001000000000000001 /* Build configuration list for PBXNativeTarget "textutil" */;
			buildPhases = (
				A5B00001000000000000001 /* Sources */,
				A5B00001000000000000002 /* Frameworks */,
			);
			buildRules = (
			);
			dependencies = (
			);
			name = textutil;
			productName = textutil;
			productReference = A2B00001000000000000001 /* textutil */;
			productType = "com.apple.product-type.tool";
		};
		A7B10001000000000000002 /* textutil-parity */ = {
			isa = PBXAggregateTarget;
			buildConfigurationList = A8B00001000000000000002 /* Build configuration list for PBXAggregateTarget "textutil-parity" */;
			buildPhases = (
				A5B00001000000000000003 /* textutil parity */,
			);
			dependencies = (
				A7B00001000000000000006 /* PBXTargetDependency */,
			);
			name = "textutil-parity";
			productName = "textutil-parity";
		};
/* End PBXNativeTarget section */

/* Begin PBXProject section */
		A60000010000000000000001 /* Project object */ = {
			isa = PBXProject;
			attributes = {
				BuildIndependentTargetsInParallel = YES;
				LastUpgradeCheck = 1500;
			};
			buildConfigurationList = A80000010000000000000003 /* Build configuration list for PBXProject "AKCmds" */;
			compatibilityVersion = "Xcode 14.0";
			developmentRegion = en;
			hasScannedForEncodings = 0;
			knownRegions = (
				en,
				Base,
			);
			mainGroup = A60000050000000000000001;
			productRefGroup = A90000040000000000000002 /* Products */;
			projectDirPath = "";
			projectRoot = "";
			targets = (
				A70000010000000000000001 /* pbcopy */,
				A70000010000000000000002 /* pbpaste */,
				A70000010000000000000003 /* open */,
				A70000010000000000000010 /* tiff2icns */,
				A70000010000000000000015 /* tops */,
				A70000010000000000000016 /* tops-parity */,
				A70000010000000000000020 /* tiffutil */,
				A70000010000000000000021 /* tiffutil-parity */,
				A7B10001000000000000001 /* textutil */,
				A7B10001000000000000002 /* textutil-parity */,
			);
		};
/* End PBXProject section */

/* Begin PBXShellScriptBuildPhase section */
		A50000010000000000000016 /* tops parity */ = {
			isa = PBXShellScriptBuildPhase;
			alwaysOutOfDate = 1;
			buildActionMask = 2147483647;
			files = (
			);
			inputFileListPaths = (
			);
			inputPaths = (
			);
			name = "tops parity";
			outputFileListPaths = (
			);
			outputPaths = (
			);
			runOnlyForDeploymentPostprocessing = 0;
			shellPath = /bin/bash;
			shellScript = "set -e\nORACLE=\"${ORACLE:-/usr/bin/tops}\"\nif [ ! -x \"$BUILT_PRODUCTS_DIR/tops\" ]; then\n  echo \"error: tops was not built at $BUILT_PRODUCTS_DIR/tops\"\n  exit 1\nfi\nif [ ! -x \"$ORACLE\" ]; then\n  echo \"warning: oracle $ORACLE is absent, skipping byte-parity verification\"\n  exit 0\nfi\nMY=\"$BUILT_PRODUCTS_DIR/tops\" ORACLE=\"$ORACLE\" bash \"$SRCROOT/tests/parity.sh\" --all\n";
		};
		A50000010000000000000022 /* tiffutil parity */ = {
			isa = PBXShellScriptBuildPhase;
			alwaysOutOfDate = 1;
			buildActionMask = 2147483647;
			files = (
			);
			inputFileListPaths = (
			);
			inputPaths = (
			);
			name = "tiffutil parity";
			outputFileListPaths = (
			);
			outputPaths = (
			);
			runOnlyForDeploymentPostprocessing = 0;
			shellPath = /bin/bash;
			shellScript = "set -e\nORACLE=\"${ORACLE:-/usr/bin/tiffutil}\"\nif [ ! -x \"$BUILT_PRODUCTS_DIR/tiffutil\" ]; then\n  echo \"error: tiffutil was not built at $BUILT_PRODUCTS_DIR/tiffutil\"\n  exit 1\nfi\nif [ ! -x \"$ORACLE\" ]; then\n  echo \"warning: oracle $ORACLE is absent, skipping byte-parity verification\"\n  exit 0\nfi\nMY=\"$BUILT_PRODUCTS_DIR/tiffutil\" ORACLE=\"$ORACLE\" bash \"$SRCROOT/tests/tiffutil-parity.sh\"\n";
		};
/* End PBXShellScriptBuildPhase section */

		A1B0000100000000000000A /* font.c in Sources */ = {isa = PBXBuildFile; fileRef = A3B0000100000000000000A /* font.c */; };
A1B00001000000000000000 /* format.c in Sources */ = {isa = PBXBuildFile; fileRef = A3B00001000000000000000 /* format.c */; };
		A1B00001000000000000001 /* html.c in Sources */ = {isa = PBXBuildFile; fileRef = A3B00001000000000000001 /* html.c */; };
		A1B00001000000000000002 /* info.c in Sources */ = {isa = PBXBuildFile; fileRef = A3B00001000000000000002 /* info.c */; };
		A1B00001000000000000003 /* io.c in Sources */ = {isa = PBXBuildFile; fileRef = A3B00001000000000000003 /* io.c */; };
		A1B00001000000000000004 /* main.c in Sources */ = {isa = PBXBuildFile; fileRef = A3B00001000000000000004 /* main.c */; };
		A1B00001000000000000005 /* rtf.c in Sources */ = {isa = PBXBuildFile; fileRef = A3B00001000000000000005 /* rtf.c */; };
		A1B00001000000000000006 /* rtfd.c in Sources */ = {isa = PBXBuildFile; fileRef = A3B00001000000000000006 /* rtfd.c */; };
		A1B00001000000000000007 /* txt.c in Sources */ = {isa = PBXBuildFile; fileRef = A3B00001000000000000007 /* txt.c */; };
		A1B00001000000000000008 /* usage.c in Sources */ = {isa = PBXBuildFile; fileRef = A3B00001000000000000008 /* usage.c */; };
		A5B00001000000000000001 /* Sources */ = {
			isa = PBXSourcesBuildPhase;
			buildActionMask = 2147483647;
			files = (
				A1B00001000000000000000 /* format.c in Sources */,
				A1B0000100000000000000A /* font.c in Sources */,
				A1B00001000000000000001 /* html.c in Sources */,
				A1B00001000000000000002 /* info.c in Sources */,
				A1B00001000000000000003 /* io.c in Sources */,
				A1B00001000000000000004 /* main.c in Sources */,
				A1B00001000000000000005 /* rtf.c in Sources */,
				A1B00001000000000000006 /* rtfd.c in Sources */,
				A1B00001000000000000007 /* txt.c in Sources */,
				A1B00001000000000000008 /* usage.c in Sources */,
			);
			runOnlyForDeploymentPostprocessing = 0;
		};
		A5B00001000000000000002 /* Frameworks */ = {
			isa = PBXFrameworksBuildPhase;
			buildActionMask = 2147483647;
			files = (
			);
			runOnlyForDeploymentPostprocessing = 0;
		};
		A5B00001000000000000003 /* textutil parity */ = {
			isa = PBXShellScriptBuildPhase;
			alwaysOutOfDate = 1;
			buildActionMask = 2147483647;
			files = (
			);
			inputFileListPaths = (
			);
			inputPaths = (
			);
			name = "textutil parity";
			outputFileListPaths = (
			);
			outputPaths = (
			);
			runOnlyForDeploymentPostprocessing = 0;
			shellPath = /bin/bash;
			shellScript = "set -e\nORACLE=\"${ORACLE:-/usr/bin/textutil}\"\nif [ ! -x \"$BUILT_PRODUCTS_DIR/textutil\" ]; then\n  echo \"error: textutil was not built at $BUILT_PRODUCTS_DIR/textutil\"\n  exit 1\nfi\nif [ ! -x \"$ORACLE\" ]; then\n  echo \"warning: oracle $ORACLE is absent, skipping byte-parity verification\"\n  exit 0\nfi\nMY=\"$BUILT_PRODUCTS_DIR/textutil\" ORACLE=\"$ORACLE\" bash \"$SRCROOT/tests/textutil-parity.sh\"\n";
		};
/* Begin PBXSourcesBuildPhase section */
		A50000010000000000000003 /* Sources */ = {
			isa = PBXSourcesBuildPhase;
			buildActionMask = 2147483647;
			files = (
				A10000010000000000000001 /* pbcopy.m in Sources */,
			);
			runOnlyForDeploymentPostprocessing = 0;
		};
		A50000010000000000000004 /* Sources */ = {
			isa = PBXSourcesBuildPhase;
			buildActionMask = 2147483647;
			files = (
				A10000010000000000000002 /* pbcopy.m in Sources */,
			);
			runOnlyForDeploymentPostprocessing = 0;
		};
		A50000010000000000000005 /* Sources */ = {
			isa = PBXSourcesBuildPhase;
			buildActionMask = 2147483647;
			files = (
				A10000010000000000000007 /* open.m in Sources */,
			);
			runOnlyForDeploymentPostprocessing = 0;
		};
		A50000010000000000000010 /* Sources */ = {
			isa = PBXSourcesBuildPhase;
			buildActionMask = 2147483647;
			files = (
				A10000010000000000000010 /* tiff2icns.m in Sources */,
			);
			runOnlyForDeploymentPostprocessing = 0;
		};
		A50000010000000000000015 /* Sources */ = {
			isa = PBXSourcesBuildPhase;
			buildActionMask = 2147483647;
			files = (
				A10000010000000000000015 /* tops.m in Sources */,
			);
			runOnlyForDeploymentPostprocessing = 0;
		};
		A50000010000000000000020 /* Sources */ = {
			isa = PBXSourcesBuildPhase;
			buildActionMask = 2147483647;
			files = (
				A10000010000000000000020 /* main.c in Sources */,
				A10000010000000000000021 /* buf.c in Sources */,
				A10000010000000000000022 /* cat.c in Sources */,
				A10000010000000000000023 /* compress.c in Sources */,
				A10000010000000000000024 /* g4.c in Sources */,
				A10000010000000000000025 /* tiff_decode.c in Sources */,
				A10000010000000000000026 /* tiff_read.c in Sources */,
				A10000010000000000000027 /* tiff_text.c in Sources */,
				A10000010000000000000028 /* tiff_write.c in Sources */,
			);
			runOnlyForDeploymentPostprocessing = 0;
		};
/* End PBXSourcesBuildPhase section */

/* Begin PBXTargetDependency section */
		A7B000010000000000000002 /* PBXTargetDependency */ = {
			isa = PBXTargetDependency;
			target = A70000010000000000000015 /* tops */;
			targetProxy = A7B000010000000000000001 /* PBXContainerItemProxy */;
		};
		A7B000010000000000000004 /* PBXTargetDependency */ = {
			isa = PBXTargetDependency;
			target = A70000010000000000000020 /* tiffutil */;
			targetProxy = A7B000010000000000000003 /* PBXContainerItemProxy */;
		};
		A7B00001000000000000005 /* PBXContainerItemProxy */ = {
			isa = PBXContainerItemProxy;
			containerPortal = A60000010000000000000001 /* Project object */;
			proxyType = 1;
			remoteGlobalIDString = A7B10001000000000000001;
			remoteInfo = textutil;
		};
		A7B00001000000000000006 /* PBXTargetDependency */ = {
			isa = PBXTargetDependency;
			target = A7B10001000000000000001 /* textutil */;
			targetProxy = A7B00001000000000000005 /* PBXContainerItemProxy */;
		};
/* End PBXTargetDependency section */

/* Begin XCBuildConfiguration section */
		A80000010000000000000004 /* Debug */ = {
			isa = XCBuildConfiguration;
			buildSettings = {
				ALWAYS_SEARCH_USER_PATHS = NO;
				CLANG_ENABLE_OBJC_ARC = NO;
				CLANG_ENABLE_OBJC_EXCEPTIONS = YES;
				CLANG_WARN_DEPRECATED_OBJC_IMPLEMENTATIONS = NO;
				COPY_PHASE_STRIP = NO;
				DEBUG_INFORMATION_FORMAT = dwarf;
				ENABLE_STRICT_OBJC_MSGSEND = YES;
				ENABLE_TESTABILITY = YES;
				GCC_DYNAMIC_NO_PIC = NO;
				GCC_OPTIMIZATION_LEVEL = 0;
				GCC_PREPROCESSOR_DEFINITIONS = (
					"DEBUG=1",
					"$(inherited)",
				);
				GCC_WARN_64_TO_32_BIT_CONVERSION = YES;
				GCC_WARN_ABOUT_RETURN_TYPE = YES_ERROR;
				GCC_WARN_UNDECLARED_SELECTOR = YES;
				GCC_WARN_UNINITIALIZED_AUTOS = YES_AGGRESSIVE;
				GCC_WARN_UNUSED_FUNCTION = YES;
				GCC_WARN_UNUSED_VARIABLE = YES;
				MACOSX_DEPLOYMENT_TARGET = 13.0;
				OBJROOT = "$(SRCROOT)/build/xcode";
				ONLY_ACTIVE_ARCH = YES;
				SDKROOT = macosx;
				SYMROOT = "$(SRCROOT)/build/xcode";
			};
			name = Debug;
		};
		A80000010000000000000005 /* Release */ = {
			isa = XCBuildConfiguration;
			buildSettings = {
				ALWAYS_SEARCH_USER_PATHS = NO;
				CLANG_ENABLE_OBJC_ARC = NO;
				CLANG_ENABLE_OBJC_EXCEPTIONS = YES;
				CLANG_WARN_DEPRECATED_OBJC_IMPLEMENTATIONS = NO;
				COPY_PHASE_STRIP = NO;
				DEBUG_INFORMATION_FORMAT = "dwarf-with-dsym";
				ENABLE_NS_ASSERTIONS = NO;
				ENABLE_STRICT_OBJC_MSGSEND = YES;
				GCC_OPTIMIZATION_LEVEL = 2;
				GCC_WARN_64_TO_32_BIT_CONVERSION = YES;
				GCC_WARN_ABOUT_RETURN_TYPE = YES_ERROR;
				GCC_WARN_UNDECLARED_SELECTOR = YES;
				GCC_WARN_UNINITIALIZED_AUTOS = YES_AGGRESSIVE;
				GCC_WARN_UNUSED_FUNCTION = YES;
				GCC_WARN_UNUSED_VARIABLE = YES;
				MACOSX_DEPLOYMENT_TARGET = 13.0;
				OBJROOT = "$(SRCROOT)/build/xcode";
				SDKROOT = macosx;
				SYMROOT = "$(SRCROOT)/build/xcode";
			};
			name = Release;
		};
		A80000010000000000000006 /* Debug */ = {
			isa = XCBuildConfiguration;
			buildSettings = {
				PRODUCT_NAME = "$(TARGET_NAME)";
			};
			name = Debug;
		};
		A80000010000000000000007 /* Release */ = {
			isa = XCBuildConfiguration;
			buildSettings = {
				PRODUCT_NAME = "$(TARGET_NAME)";
			};
			name = Release;
		};
		A80000010000000000000008 /* Debug */ = {
			isa = XCBuildConfiguration;
			buildSettings = {
				PRODUCT_NAME = "$(TARGET_NAME)";
			};
			name = Debug;
		};
		A80000010000000000000009 /* Release */ = {
			isa = XCBuildConfiguration;
			buildSettings = {
				PRODUCT_NAME = "$(TARGET_NAME)";
			};
			name = Release;
		};
		A8000001000000000000000B /* Debug */ = {
			isa = XCBuildConfiguration;
			buildSettings = {
				PRODUCT_NAME = "$(TARGET_NAME)";
			};
			name = Debug;
		};
		A8000001000000000000000C /* Release */ = {
			isa = XCBuildConfiguration;
			buildSettings = {
				PRODUCT_NAME = "$(TARGET_NAME)";
			};
			name = Release;
		};
		A80000010000000000000010 /* Debug */ = {
			isa = XCBuildConfiguration;
			buildSettings = {
				PRODUCT_NAME = "$(TARGET_NAME)";
			};
			name = Debug;
		};
		A80000010000000000000011 /* Release */ = {
			isa = XCBuildConfiguration;
			buildSettings = {
				PRODUCT_NAME = "$(TARGET_NAME)";
			};
			name = Release;
		};
		A80000010000000000000020 /* Debug */ = {
			isa = XCBuildConfiguration;
			buildSettings = {
				PRODUCT_NAME = "$(TARGET_NAME)";
			};
			name = Debug;
		};
		A80000010000000000000021 /* Release */ = {
			isa = XCBuildConfiguration;
			buildSettings = {
				PRODUCT_NAME = "$(TARGET_NAME)";
			};
			name = Release;
		};
		A80000010000000000000030 /* Debug */ = {
			isa = XCBuildConfiguration;
			buildSettings = {
				PRODUCT_NAME = "$(TARGET_NAME)";
			};
			name = Debug;
		};
		A80000010000000000000031 /* Release */ = {
			isa = XCBuildConfiguration;
			buildSettings = {
				PRODUCT_NAME = "$(TARGET_NAME)";
			};
			name = Release;
		};
		A80000010000000000000033 /* Debug */ = {
			isa = XCBuildConfiguration;
			buildSettings = {
				PRODUCT_NAME = "$(TARGET_NAME)";
			};
			name = Debug;
		};
		A80000010000000000000034 /* Release */ = {
			isa = XCBuildConfiguration;
			buildSettings = {
				PRODUCT_NAME = "$(TARGET_NAME)";
			};
			name = Release;
		};
		A9B00001000000000000001 /* Debug */ = {
			isa = XCBuildConfiguration;
			buildSettings = {
				PRODUCT_NAME = "$(TARGET_NAME)";
			};
			name = Debug;
		};
		A9B00001000000000000002 /* Release */ = {
			isa = XCBuildConfiguration;
			buildSettings = {
				PRODUCT_NAME = "$(TARGET_NAME)";
			};
			name = Release;
		};
		A9B00001000000000000003 /* Debug */ = {
			isa = XCBuildConfiguration;
			buildSettings = {
				PRODUCT_NAME = "$(TARGET_NAME)";
			};
			name = Debug;
		};
		A9B00001000000000000004 /* Release */ = {
			isa = XCBuildConfiguration;
			buildSettings = {
				PRODUCT_NAME = "$(TARGET_NAME)";
			};
			name = Release;
		};
/* End XCBuildConfiguration section */

/* Begin XCConfigurationList section */
		A80000010000000000000001 /* Build configuration list for PBXNativeTarget "pbcopy" */ = {
			isa = XCConfigurationList;
			buildConfigurations = (
				A80000010000000000000006 /* Debug */,
				A80000010000000000000007 /* Release */,
			);
			defaultConfigurationIsVisible = 0;
			defaultConfigurationName = Release;
		};
		A80000010000000000000002 /* Build configuration list for PBXNativeTarget "pbpaste" */ = {
			isa = XCConfigurationList;
			buildConfigurations = (
				A80000010000000000000008 /* Debug */,
				A80000010000000000000009 /* Release */,
			);
			defaultConfigurationIsVisible = 0;
			defaultConfigurationName = Release;
		};
		A8000001000000000000000A /* Build configuration list for PBXNativeTarget "open" */ = {
			isa = XCConfigurationList;
			buildConfigurations = (
				A8000001000000000000000B /* Debug */,
				A8000001000000000000000C /* Release */,
			);
			defaultConfigurationIsVisible = 0;
			defaultConfigurationName = Release;
		};
		A8000001000000000000000D /* Debug */ = {
			isa = XCBuildConfiguration;
			buildSettings = {
				PRODUCT_NAME = "$(TARGET_NAME)";
			};
			name = Debug;
		};
		A8000001000000000000000E /* Release */ = {
			isa = XCBuildConfiguration;
			buildSettings = {
				PRODUCT_NAME = "$(TARGET_NAME)";
			};
			name = Release;
		};
		A8000001000000000000000F /* Build configuration list for PBXNativeTarget "tiff2icns" */ = {
			isa = XCConfigurationList;
			buildConfigurations = (
				A8000001000000000000000D /* Debug */,
				A8000001000000000000000E /* Release */,
			);
			defaultConfigurationIsVisible = 0;
			defaultConfigurationName = Release;
		};
		A80000010000000000000012 /* Build configuration list for PBXNativeTarget "tops" */ = {
			isa = XCConfigurationList;
			buildConfigurations = (
				A80000010000000000000010 /* Debug */,
				A80000010000000000000011 /* Release */,
			);
			defaultConfigurationIsVisible = 0;
			defaultConfigurationName = Release;
		};
		A80000010000000000000022 /* Build configuration list for PBXAggregateTarget "tops-parity" */ = {
			isa = XCConfigurationList;
			buildConfigurations = (
				A80000010000000000000020 /* Debug */,
				A80000010000000000000021 /* Release */,
			);
			defaultConfigurationIsVisible = 0;
			defaultConfigurationName = Release;
		};
		A80000010000000000000003 /* Build configuration list for PBXProject "AKCmds" */ = {
			isa = XCConfigurationList;
			buildConfigurations = (
				A80000010000000000000004 /* Debug */,
				A80000010000000000000005 /* Release */,
			);
			defaultConfigurationIsVisible = 0;
			defaultConfigurationName = Release;
		};
		A80000010000000000000032 /* Build configuration list for PBXNativeTarget "tiffutil" */ = {
			isa = XCConfigurationList;
			buildConfigurations = (
				A80000010000000000000030 /* Debug */,
				A80000010000000000000031 /* Release */,
			);
			defaultConfigurationIsVisible = 0;
			defaultConfigurationName = Release;
		};
		A80000010000000000000035 /* Build configuration list for PBXAggregateTarget "tiffutil-parity" */ = {
			isa = XCConfigurationList;
			buildConfigurations = (
				A80000010000000000000033 /* Debug */,
				A80000010000000000000034 /* Release */,
			);
			defaultConfigurationIsVisible = 0;
			defaultConfigurationName = Release;
		};
		A8B00001000000000000001 /* Build configuration list for PBXNativeTarget "textutil" */ = {
			isa = XCConfigurationList;
			buildConfigurations = (
				A9B00001000000000000001 /* Debug */,
				A9B00001000000000000002 /* Release */,
			);
			defaultConfigurationIsVisible = 0;
			defaultConfigurationName = Release;
		};
		A8B00001000000000000002 /* Build configuration list for PBXAggregateTarget "textutil-parity" */ = {
			isa = XCConfigurationList;
			buildConfigurations = (
				A9B00001000000000000003 /* Debug */,
				A9B00001000000000000004 /* Release */,
			);
			defaultConfigurationIsVisible = 0;
			defaultConfigurationName = Release;
		};
/* End XCConfigurationList section */
	};
	rootObject = A60000010000000000000001 /* Project object */;
}