// !$*UTF8*$!
{
	archiveVersion = 1;
	classes = {
	};
	objectVersion = 56;
	objects = {

/* Begin PBXAggregateTarget section */
		A70000010000000000000016 /* tops-parity */ = {
			isa = PBXAggregateTarget;
			buildConfigurationList = A80000010000000000000022 /* Build configuration list for PBXAggregateTarget "tops-parity" */;
			buildPhases = (
				A50000010000000000000016 /* tops parity */,
			);
			dependencies = (
				A7B000010000000000000002 /* PBXTargetDependency */,
			);
			name = "tops-parity";
			productName = "tops-parity";
		};
/* End PBXAggregateTarget section */

/* Begin PBXBuildFile section */
		A10000010000000000000001 /* pbcopy.m in Sources */ = {isa = PBXBuildFile; fileRef = A30000010000000000000001 /* pbcopy.m */; };
		A10000010000000000000002 /* pbcopy.m in Sources */ = {isa = PBXBuildFile; fileRef = A30000010000000000000001 /* pbcopy.m */; };
		A10000010000000000000003 /* Cocoa.framework in Frameworks */ = {isa = PBXBuildFile; fileRef = A40000010000000000000002 /* Cocoa.framework */; };
		A10000010000000000000004 /* Foundation.framework in Frameworks */ = {isa = PBXBuildFile; fileRef = A40000010000000000000003 /* Foundation.framework */; };
		A10000010000000000000005 /* AppKit.framework in Frameworks */ = {isa = PBXBuildFile; fileRef = A40000010000000000000004 /* AppKit.framework */; };
		A10000010000000000000006 /* CoreFoundation.framework in Frameworks */ = {isa = PBXBuildFile; fileRef = A40000010000000000000005 /* CoreFoundation.framework */; };
		A10000010000000000000007 /* open.m in Sources */ = {isa = PBXBuildFile; fileRef = A30000010000000000000002 /* open.m */; };
		A10000010000000000000008 /* ApplicationServices.framework in Frameworks */ = {isa = PBXBuildFile; fileRef = A40000010000000000000006 /* ApplicationServices.framework */; };
		A10000010000000000000009 /* CoreServices.framework in Frameworks */ = {isa = PBXBuildFile; fileRef = A40000010000000000000007 /* CoreServices.framework */; };
		A10000010000000000000010 /* tiff2icns.m in Sources */ = {isa = PBXBuildFile; fileRef = A30000010000000000000010 /* tiff2icns.m */; };
		A10000010000000000000011 /* ImageIO.framework in Frameworks */ = {isa = PBXBuildFile; fileRef = A40000010000000000000008 /* ImageIO.framework */; };
		A10000010000000000000015 /* tops.m in Sources */ = {isa = PBXBuildFile; fileRef = A30000010000000000000015 /* tops.m */; };
/* End PBXBuildFile section */

/* Begin PBXContainerItemProxy section */
		A7B000010000000000000001 /* PBXContainerItemProxy */ = {
			isa = PBXContainerItemProxy;
			containerPortal = A60000010000000000000001 /* Project object */;
			proxyType = 1;
			remoteGlobalIDString = A70000010000000000000015;
			remoteInfo = tops;
		};
/* End PBXContainerItemProxy section */

/* Begin PBXFileReference section */
		A20000010000000000000001 /* pbcopy */ = {isa = PBXFileReference; explicitFileType = "compiled.mach-o.executable"; includeInIndex = 0; path = pbcopy; sourceTree = BUILT_PRODUCTS_DIR; };
		A20000010000000000000002 /* pbpaste */ = {isa = PBXFileReference; explicitFileType = "compiled.mach-o.executable"; includeInIndex = 0; path = pbpaste; sourceTree = BUILT_PRODUCTS_DIR; };
		A20000010000000000000003 /* open */ = {isa = PBXFileReference; explicitFileType = "compiled.mach-o.executable"; includeInIndex = 0; path = open; sourceTree = BUILT_PRODUCTS_DIR; };
		A20000010000000000000010 /* tiff2icns */ = {isa = PBXFileReference; explicitFileType = "compiled.mach-o.executable"; includeInIndex = 0; path = tiff2icns; sourceTree = BUILT_PRODUCTS_DIR; };
		A30000010000000000000001 /* pbcopy.m */ = {isa = PBXFileReference; lastKnownFileType = sourcecode.c.objc; path = pbcopy.m; sourceTree = "<group>"; };
		A30000010000000000000002 /* open.m */ = {isa = PBXFileReference; lastKnownFileType = sourcecode.c.objc; path = open.m; sourceTree = "<group>"; };
		A30000010000000000000010 /* tiff2icns.m */ = {isa = PBXFileReference; lastKnownFileType = sourcecode.c.objc; path = tiff2icns.m; sourceTree = "<group>"; };
		A20000010000000000000015 /* tops */ = {isa = PBXFileReference; explicitFileType = "compiled.mach-o.executable"; includeInIndex = 0; path = tops; sourceTree = BUILT_PRODUCTS_DIR; };
		A30000010000000000000015 /* tops.m */ = {isa = PBXFileReference; lastKnownFileType = sourcecode.c.objc; path = tops.m; sourceTree = "<group>"; };
		A40000010000000000000002 /* Cocoa.framework */ = {isa = PBXFileReference; lastKnownFileType = wrapper.framework; name = Cocoa.framework; path = System/Library/Frameworks/Cocoa.framework; sourceTree = SDKROOT; };
		A40000010000000000000003 /* Foundation.framework */ = {isa = PBXFileReference; lastKnownFileType = wrapper.framework; name = Foundation.framework; path = System/Library/Frameworks/Foundation.framework; sourceTree = SDKROOT; };
		A40000010000000000000004 /* AppKit.framework */ = {isa = PBXFileReference; lastKnownFileType = wrapper.framework; name = AppKit.framework; path = System/Library/Frameworks/AppKit.framework; sourceTree = SDKROOT; };
		A40000010000000000000005 /* CoreFoundation.framework */ = {isa = PBXFileReference; lastKnownFileType = wrapper.framework; name = CoreFoundation.framework; path = System/Library/Frameworks/CoreFoundation.framework; sourceTree = SDKROOT; };
		A40000010000000000000006 /* ApplicationServices.framework */ = {isa = PBXFileReference; lastKnownFileType = wrapper.framework; name = ApplicationServices.framework; path = System/Library/Frameworks/ApplicationServices.framework; sourceTree = SDKROOT; };
		A40000010000000000000007 /* CoreServices.framework */ = {isa = PBXFileReference; lastKnownFileType = wrapper.framework; name = CoreServices.framework; path = System/Library/Frameworks/CoreServices.framework; sourceTree = SDKROOT; };
		A40000010000000000000008 /* ImageIO.framework */ = {isa = PBXFileReference; lastKnownFileType = wrapper.framework; name = ImageIO.framework; path = System/Library/Frameworks/ImageIO.framework; sourceTree = SDKROOT; };
/* End PBXFileReference section */

/* Begin PBXFrameworksBuildPhase section */
		A50000010000000000000001 /* Frameworks */ = {
			isa = PBXFrameworksBuildPhase;
			buildActionMask = 2147483647;
			files = (
				A10000010000000000000003 /* Cocoa.framework in Frameworks */,
				A10000010000000000000004 /* Foundation.framework in Frameworks */,
				A10000010000000000000005 /* AppKit.framework in Frameworks */,
				A10000010000000000000006 /* CoreFoundation.framework in Frameworks */,
			);
			runOnlyForDeploymentPostprocessing = 0;
		};
		A50000010000000000000002 /* Frameworks */ = {
			isa = PBXFrameworksBuildPhase;
			buildActionMask = 2147483647;
			files = (
				A10000010000000000000003 /* Cocoa.framework in Frameworks */,
				A10000010000000000000004 /* Foundation.framework in Frameworks */,
				A10000010000000000000005 /* AppKit.framework in Frameworks */,
				A10000010000000000000006 /* CoreFoundation.framework in Frameworks */,
			);
			runOnlyForDeploymentPostprocessing = 0;
		};
		A50000010000000000000006 /* Frameworks */ = {
			isa = PBXFrameworksBuildPhase;
			buildActionMask = 2147483647;
			files = (
				A10000010000000000000003 /* Cocoa.framework in Frameworks */,
				A10000010000000000000004 /* Foundation.framework in Frameworks */,
				A10000010000000000000005 /* AppKit.framework in Frameworks */,
				A10000010000000000000006 /* CoreFoundation.framework in Frameworks */,
				A10000010000000000000008 /* ApplicationServices.framework in Frameworks */,
				A10000010000000000000009 /* CoreServices.framework in Frameworks */,
			);
			runOnlyForDeploymentPostprocessing = 0;
		};
		A50000010000000000000011 /* Frameworks */ = {
			isa = PBXFrameworksBuildPhase;
			buildActionMask = 2147483647;
			files = (
				A10000010000000000000003 /* Cocoa.framework in Frameworks */,
				A10000010000000000000004 /* Foundation.framework in Frameworks */,
				A10000010000000000000005 /* AppKit.framework in Frameworks */,
				A10000010000000000000006 /* CoreFoundation.framework in Frameworks */,
				A10000010000000000000009 /* CoreServices.framework in Frameworks */,
				A10000010000000000000011 /* ImageIO.framework in Frameworks */,
			);
			runOnlyForDeploymentPostprocessing = 0;
		};
		A50000010000000000000014 /* Frameworks */ = {
			isa = PBXFrameworksBuildPhase;
			buildActionMask = 2147483647;
			files = (
				A10000010000000000000004 /* Foundation.framework in Frameworks */,
			);
			runOnlyForDeploymentPostprocessing = 0;
		};
/* End PBXFrameworksBuildPhase section */

/* Begin PBXGroup section */
		A60000050000000000000001 = {
			isa = PBXGroup;
			children = (
				A60000020000000000000003 /* src */,
				A60000030000000000000004 /* Frameworks */,
				A90000040000000000000002 /* Products */,
			);
			sourceTree = "<group>";
		};
		A60000020000000000000003 /* src */ = {
			isa = PBXGroup;
			children = (
				A60000050000000000000002 /* pbcopy */,
				A60000050000000000000003 /* open */,
				A60000050000000000000010 /* tiff2icns */,
				A60000050000000000000011 /* tops */,
			);
			path = src;
			sourceTree = "<group>";
		};
		A60000050000000000000002 /* pbcopy */ = {
			isa = PBXGroup;
			children = (
				A30000010000000000000001 /* pbcopy.m */,
			);
			path = pbcopy;
			sourceTree = "<group>";
		};
		A60000050000000000000003 /* open */ = {
			isa = PBXGroup;
			children = (
				A30000010000000000000002 /* open.m */,
			);
			path = open;
			sourceTree = "<group>";
		};
		A60000050000000000000010 /* tiff2icns */ = {
			isa = PBXGroup;
			children = (
				A30000010000000000000010 /* tiff2icns.m */,
			);
			path = tiff2icns;
			sourceTree = "<group>";
		};
		A60000050000000000000011 /* tops */ = {
			isa = PBXGroup;
			children = (
				A30000010000000000000015 /* tops.m */,
			);
			path = tops;
			sourceTree = "<group>";
		};
		A60000030000000000000004 /* Frameworks */ = {
			isa = PBXGroup;
			children = (
				A40000010000000000000002 /* Cocoa.framework */,
				A40000010000000000000003 /* Foundation.framework */,
				A40000010000000000000004 /* AppKit.framework */,
				A40000010000000000000005 /* CoreFoundation.framework */,
				A40000010000000000000006 /* ApplicationServices.framework */,
				A40000010000000000000007 /* CoreServices.framework */,
				A40000010000000000000008 /* ImageIO.framework */,
			);
			name = Frameworks;
			sourceTree = "<group>";
		};
		A90000040000000000000002 /* Products */ = {
			isa = PBXGroup;
			children = (
				A20000010000000000000001 /* pbcopy */,
				A20000010000000000000002 /* pbpaste */,
				A20000010000000000000003 /* open */,
				A20000010000000000000010 /* tiff2icns */,
				A20000010000000000000015 /* tops */,
			);
			name = Products;
			sourceTree = "<group>";
		};
/* End PBXGroup section */

/* Begin PBXNativeTarget section */
		A70000010000000000000001 /* pbcopy */ = {
			isa = PBXNativeTarget;
			buildConfigurationList = A80000010000000000000001 /* Build configuration list for PBXNativeTarget "pbcopy" */;
			buildPhases = (
				A50000010000000000000003 /* Sources */,
				A50000010000000000000001 /* Frameworks */,
			);
			buildRules = (
			);
			dependencies = (
			);
			name = pbcopy;
			productName = pbcopy;
			productReference = A20000010000000000000001 /* pbcopy */;
			productType = "com.apple.product-type.tool";
		};
		A70000010000000000000002 /* pbpaste */ = {
			isa = PBXNativeTarget;
			buildConfigurationList = A80000010000000000000002 /* Build configuration list for PBXNativeTarget "pbpaste" */;
			buildPhases = (
				A50000010000000000000004 /* Sources */,
				A50000010000000000000002 /* Frameworks */,
			);
			buildRules = (
			);
			dependencies = (
			);
			name = pbpaste;
			productName = pbpaste;
			productReference = A20000010000000000000002 /* pbpaste */;
			productType = "com.apple.product-type.tool";
		};
		A70000010000000000000003 /* open */ = {
			isa = PBXNativeTarget;
			buildConfigurationList = A8000001000000000000000A /* Build configuration list for PBXNativeTarget "open" */;
			buildPhases = (
				A50000010000000000000005 /* Sources */,
				A50000010000000000000006 /* Frameworks */,
			);
			buildRules = (
			);
			dependencies = (
			);
			name = open;
			productName = open;
			productReference = A20000010000000000000003 /* open */;
			productType = "com.apple.product-type.tool";
		};
		A70000010000000000000010 /* tiff2icns */ = {
			isa = PBXNativeTarget;
			buildConfigurationList = A8000001000000000000000F /* Build configuration list for PBXNativeTarget "tiff2icns" */;
			buildPhases = (
				A50000010000000000000010 /* Sources */,
				A50000010000000000000011 /* Frameworks */,
			);
			buildRules = (
			);
			dependencies = (
			);
			name = tiff2icns;
			productName = tiff2icns;
			productReference = A20000010000000000000010 /* tiff2icns */;
			productType = "com.apple.product-type.tool";
		};
		A70000010000000000000015 /* tops */ = {
			isa = PBXNativeTarget;
			buildConfigurationList = A80000010000000000000012 /* Build configuration list for PBXNativeTarget "tops" */;
			buildPhases = (
				A50000010000000000000015 /* Sources */,
				A50000010000000000000014 /* Frameworks */,
			);
			buildRules = (
			);
			dependencies = (
			);
			name = tops;
			productName = tops;
			productReference = A20000010000000000000015 /* tops */;
			productType = "com.apple.product-type.tool";
		};
/* End PBXNativeTarget section */

/* Begin PBXProject section */
		A60000010000000000000001 /* Project object */ = {
			isa = PBXProject;
			attributes = {
				BuildIndependentTargetsInParallel = YES;
				LastUpgradeCheck = 1500;
			};
			buildConfigurationList = A80000010000000000000003 /* Build configuration list for PBXProject "AKCmds" */;
			compatibilityVersion = "Xcode 14.0";
			developmentRegion = en;
			hasScannedForEncodings = 0;
			knownRegions = (
				en,
				Base,
			);
			mainGroup = A60000050000000000000001;
			productRefGroup = A90000040000000000000002 /* Products */;
			projectDirPath = "";
			projectRoot = "";
targets = (
				A00000010000000000000001 /* pbcopy */,
				A00000010000000000000002 /* pbpaste */,
				A70000010000000000000003 /* open */,
				A70000010000000000000010 /* tiff2icns */,
				A70000010000000000000015 /* tops */,
				A70000010000000000000016 /* tops-parity */,
			);
		};
/* End PBXProject section */

/* Begin PBXShellScriptBuildPhase section */
		A50000010000000000000016 /* tops parity */ = {
			isa = PBXShellScriptBuildPhase;
			alwaysOutOfDate = 1;
			buildActionMask = 2147483647;
			files = (
			);
			inputFileListPaths = (
			);
			inputPaths = (
			);
			name = "tops parity";
			outputFileListPaths = (
			);
			outputPaths = (
			);
			runOnlyForDeploymentPostprocessing = 0;
			shellPath = /bin/bash;
			shellScript = "set -e\nORACLE=\"${ORACLE:-/usr/bin/tops}\"\nif [ ! -x \"$BUILT_PRODUCTS_DIR/tops\" ]; then\n  echo \"error: tops was not built at $BUILT_PRODUCTS_DIR/tops\"\n  exit 1\nfi\nif [ ! -x \"$ORACLE\" ]; then\n  echo \"warning: oracle $ORACLE is absent, skipping byte-parity verification\"\n  exit 0\nfi\nMY=\"$BUILT_PRODUCTS_DIR/tops\" ORACLE=\"$ORACLE\" bash \"$SRCROOT/tests/parity.sh\" --all\n";
		};
/* End PBXShellScriptBuildPhase section */

/* Begin PBXSourcesBuildPhase section */
		A50000010000000000000003 /* Sources */ = {
			isa = PBXSourcesBuildPhase;
			buildActionMask = 2147483647;
			files = (
				A10000010000000000000001 /* pbcopy.m in Sources */,
			);
			runOnlyForDeploymentPostprocessing = 0;
		};
		A50000010000000000000004 /* Sources */ = {
			isa = PBXSourcesBuildPhase;
			buildActionMask = 2147483647;
			files = (
				A10000010000000000000002 /* pbcopy.m in Sources */,
			);
			runOnlyForDeploymentPostprocessing = 0;
		};
		A50000010000000000000005 /* Sources */ = {
			isa = PBXSourcesBuildPhase;
			buildActionMask = 2147483647;
			files = (
				A10000010000000000000007 /* open.m in Sources */,
			);
			runOnlyForDeploymentPostprocessing = 0;
		};
		A50000010000000000000010 /* Sources */ = {
			isa = PBXSourcesBuildPhase;
			buildActionMask = 2147483647;
			files = (
				A10000010000000000000010 /* tiff2icns.m in Sources */,
			);
			runOnlyForDeploymentPostprocessing = 0;
		};
		A50000010000000000000015 /* Sources */ = {
			isa = PBXSourcesBuildPhase;
			buildActionMask = 2147483647;
			files = (
				A10000010000000000000015 /* tops.m in Sources */,
			);
			runOnlyForDeploymentPostprocessing = 0;
		};
/* End PBXSourcesBuildPhase section */

/* Begin PBXTargetDependency section */
		A7B000010000000000000002 /* PBXTargetDependency */ = {
			isa = PBXTargetDependency;
			target = A70000010000000000000015 /* tops */;
			targetProxy = A7B000010000000000000001 /* PBXContainerItemProxy */;
		};
/* End PBXTargetDependency section */

/* Begin XCBuildConfiguration section */
		A80000010000000000000004 /* Debug */ = {
			isa = XCBuildConfiguration;
			buildSettings = {
				ALWAYS_SEARCH_USER_PATHS = NO;
				CLANG_ENABLE_OBJC_ARC = NO;
				CLANG_ENABLE_OBJC_EXCEPTIONS = YES;
				CLANG_WARN_DEPRECATED_OBJC_IMPLEMENTATIONS = NO;
				COPY_PHASE_STRIP = NO;
				DEBUG_INFORMATION_FORMAT = dwarf;
				ENABLE_STRICT_OBJC_MSGSEND = YES;
				ENABLE_TESTABILITY = YES;
				GCC_DYNAMIC_NO_PIC = NO;
				GCC_OPTIMIZATION_LEVEL = 0;
				GCC_PREPROCESSOR_DEFINITIONS = (
					"DEBUG=1",
					"$(inherited)",
				);
				GCC_WARN_64_TO_32_BIT_CONVERSION = YES;
				GCC_WARN_ABOUT_RETURN_TYPE = YES_ERROR;
				GCC_WARN_UNDECLARED_SELECTOR = YES;
				GCC_WARN_UNINITIALIZED_AUTOS = YES_AGGRESSIVE;
				GCC_WARN_UNUSED_FUNCTION = YES;
				GCC_WARN_UNUSED_VARIABLE = YES;
				MACOSX_DEPLOYMENT_TARGET = 13.0;
				OBJROOT = "$(SRCROOT)/build/xcode";
				ONLY_ACTIVE_ARCH = YES;
				SDKROOT = macosx;
				SYMROOT = "$(SRCROOT)/build/xcode";
			};
			name = Debug;
		};
		A80000010000000000000005 /* Release */ = {
			isa = XCBuildConfiguration;
			buildSettings = {
				ALWAYS_SEARCH_USER_PATHS = NO;
				CLANG_ENABLE_OBJC_ARC = NO;
				CLANG_ENABLE_OBJC_EXCEPTIONS = YES;
				CLANG_WARN_DEPRECATED_OBJC_IMPLEMENTATIONS = NO;
				COPY_PHASE_STRIP = NO;
				DEBUG_INFORMATION_FORMAT = "dwarf-with-dsym";
				ENABLE_NS_ASSERTIONS = NO;
				ENABLE_STRICT_OBJC_MSGSEND = YES;
				GCC_OPTIMIZATION_LEVEL = 2;
				GCC_WARN_64_TO_32_BIT_CONVERSION = YES;
				GCC_WARN_ABOUT_RETURN_TYPE = YES_ERROR;
				GCC_WARN_UNDECLARED_SELECTOR = YES;
				GCC_WARN_UNINITIALIZED_AUTOS = YES_AGGRESSIVE;
				GCC_WARN_UNUSED_FUNCTION = YES;
				GCC_WARN_UNUSED_VARIABLE = YES;
				MACOSX_DEPLOYMENT_TARGET = 13.0;
				OBJROOT = "$(SRCROOT)/build/xcode";
				SDKROOT = macosx;
				SYMROOT = "$(SRCROOT)/build/xcode";
			};
			name = Release;
		};
		A80000010000000000000006 /* Debug */ = {
			isa = XCBuildConfiguration;
			buildSettings = {
				PRODUCT_NAME = "$(TARGET_NAME)";
			};
			name = Debug;
		};
		A80000010000000000000007 /* Release */ = {
			isa = XCBuildConfiguration;
			buildSettings = {
				PRODUCT_NAME = "$(TARGET_NAME)";
			};
			name = Release;
		};
		A80000010000000000000008 /* Debug */ = {
			isa = XCBuildConfiguration;
			buildSettings = {
				PRODUCT_NAME = "$(TARGET_NAME)";
			};
			name = Debug;
		};
		A80000010000000000000009 /* Release */ = {
			isa = XCBuildConfiguration;
			buildSettings = {
				PRODUCT_NAME = "$(TARGET_NAME)";
			};
			name = Release;
		};
		A8000001000000000000000B /* Debug */ = {
			isa = XCBuildConfiguration;
			buildSettings = {
				PRODUCT_NAME = "$(TARGET_NAME)";
			};
			name = Debug;
		};
		A8000001000000000000000C /* Release */ = {
			isa = XCBuildConfiguration;
			buildSettings = {
				PRODUCT_NAME = "$(TARGET_NAME)";
			};
			name = Release;
		};
		A80000010000000000000010 /* Debug */ = {
			isa = XCBuildConfiguration;
			buildSettings = {
				PRODUCT_NAME = "$(TARGET_NAME)";
			};
			name = Debug;
		};
		A80000010000000000000011 /* Release */ = {
			isa = XCBuildConfiguration;
			buildSettings = {
				PRODUCT_NAME = "$(TARGET_NAME)";
			};
			name = Release;
		};
		A80000010000000000000020 /* Debug */ = {
			isa = XCBuildConfiguration;
			buildSettings = {
				PRODUCT_NAME = "$(TARGET_NAME)";
			};
			name = Debug;
		};
		A80000010000000000000021 /* Release */ = {
			isa = XCBuildConfiguration;
			buildSettings = {
				PRODUCT_NAME = "$(TARGET_NAME)";
			};
			name = Release;
		};
/* End XCBuildConfiguration section */

/* Begin XCConfigurationList section */
		A80000010000000000000001 /* Build configuration list for PBXNativeTarget "pbcopy" */ = {
			isa = XCConfigurationList;
			buildConfigurations = (
				A80000010000000000000006 /* Debug */,
				A80000010000000000000007 /* Release */,
			);
			defaultConfigurationIsVisible = 0;
			defaultConfigurationName = Release;
		};
		A80000010000000000000002 /* Build configuration list for PBXNativeTarget "pbpaste" */ = {
			isa = XCConfigurationList;
			buildConfigurations = (
				A80000010000000000000008 /* Debug */,
				A80000010000000000000009 /* Release */,
			);
			defaultConfigurationIsVisible = 0;
			defaultConfigurationName = Release;
		};
		A8000001000000000000000A /* Build configuration list for PBXNativeTarget "open" */ = {
			isa = XCConfigurationList;
			buildConfigurations = (
				A8000001000000000000000B /* Debug */,
				A8000001000000000000000C /* Release */,
			);
			defaultConfigurationIsVisible = 0;
			defaultConfigurationName = Release;
		};
		A8000001000000000000000D /* Debug */ = {
			isa = XCBuildConfiguration;
			buildSettings = {
				PRODUCT_NAME = "$(TARGET_NAME)";
			};
			name = Debug;
		};
		A8000001000000000000000E /* Release */ = {
			isa = XCBuildConfiguration;
			buildSettings = {
				PRODUCT_NAME = "$(TARGET_NAME)";
			};
			name = Release;
		};
		A8000001000000000000000F /* Build configuration list for PBXNativeTarget "tiff2icns" */ = {
			isa = XCConfigurationList;
			buildConfigurations = (
				A8000001000000000000000D /* Debug */,
				A8000001000000000000000E /* Release */,
			);
			defaultConfigurationIsVisible = 0;
			defaultConfigurationName = Release;
		};
		A80000010000000000000012 /* Build configuration list for PBXNativeTarget "tops" */ = {
			isa = XCConfigurationList;
			buildConfigurations = (
				A80000010000000000000010 /* Debug */,
				A80000010000000000000011 /* Release */,
			);
			defaultConfigurationIsVisible = 0;
			defaultConfigurationName = Release;
		};
		A80000010000000000000022 /* Build configuration list for PBXAggregateTarget "tops-parity" */ = {
			isa = XCConfigurationList;
			buildConfigurations = (
				A80000010000000000000020 /* Debug */,
				A80000010000000000000021 /* Release */,
			);
			defaultConfigurationIsVisible = 0;
			defaultConfigurationName = Release;
		};
		A80000010000000000000003 /* Build configuration list for PBXProject "AKCmds" */ = {
			isa = XCConfigurationList;
			buildConfigurations = (
				A80000010000000000000004 /* Debug */,
				A80000010000000000000005 /* Release */,
			);
			defaultConfigurationIsVisible = 0;
			defaultConfigurationName = Release;
		};
/* End XCConfigurationList section */
	};
	rootObject = A60000010000000000000001 /* Project object */;
}